// !$*UTF8*$!
{
	archiveVersion = 1;
	classes = {
	};
	objectVersion = 56;
	objects = {

/* Begin PBXBuildFile section */
		98295AC9298EBE8300530E30 /* iOSAlarmApp.swift in Sources */ = {isa = PBXBuildFile; fileRef = 98295AC8298EBE8300530E30 /* iOSAlarmApp.swift */; };
		98295ACB298EBE8300530E30 /* MainAlarmView.swift in Sources */ = {isa = PBXBuildFile; fileRef = 98295ACA298EBE8300530E30 /* MainAlarmView.swift */; };
		98295ACD298EBE8400530E30 /* Assets.xcassets in Resources */ = {isa = PBXBuildFile; fileRef = 98295ACC298EBE8400530E30 /* Assets.xcassets */; };
		98295AD1298EBE8400530E30 /* Preview Assets.xcassets in Resources */ = {isa = PBXBuildFile; fileRef = 98295AD0298EBE8400530E30 /* Preview Assets.xcassets */; };
		98295AE4298EC39C00530E30 /* GrayedTextView.swift in Sources */ = {isa = PBXBuildFile; fileRef = 98295AE3298EC39C00530E30 /* GrayedTextView.swift */; };
		98295AE7298EC58300530E30 /* Localizable.strings in Resources */ = {isa = PBXBuildFile; fileRef = 98295AE9298EC58300530E30 /* Localizable.strings */; };
		98295AED298ECF7400530E30 /* ColorConstants.swift in Sources */ = {isa = PBXBuildFile; fileRef = 98295AEC298ECF7400530E30 /* ColorConstants.swift */; };
		98295AEF298ED34100530E30 /* TimeOfDayIcon.swift in Sources */ = {isa = PBXBuildFile; fileRef = 98295AEE298ED34100530E30 /* TimeOfDayIcon.swift */; };
		98295AF1298ED3C800530E30 /* TimeAndDateSupport.swift in Sources */ = {isa = PBXBuildFile; fileRef = 98295AF0298ED3C800530E30 /* TimeAndDateSupport.swift */; };
		98295AF3298EDBDD00530E30 /* TimeModel.swift in Sources */ = {isa = PBXBuildFile; fileRef = 98295AF2298EDBDD00530E30 /* TimeModel.swift */; };
		98D27DCB298F6489000D3AB1 /* AlarmModel.swift in Sources */ = {isa = PBXBuildFile; fileRef = 98D27DCA298F6489000D3AB1 /* AlarmModel.swift */; };
		98D27DCD298F665E000D3AB1 /* Activity Constants.swift in Sources */ = {isa = PBXBuildFile; fileRef = 98D27DCC298F665E000D3AB1 /* Activity Constants.swift */; };
		98D27DCF298F6703000D3AB1 /* SoundConstants.swift in Sources */ = {isa = PBXBuildFile; fileRef = 98D27DCE298F6703000D3AB1 /* SoundConstants.swift */; };
		98D27DD1298F69FA000D3AB1 /* SplashScreenView.swift in Sources */ = {isa = PBXBuildFile; fileRef = 98D27DD0298F69FA000D3AB1 /* SplashScreenView.swift */; };
		98D27DD3298F6B73000D3AB1 /* FourCoolCircles.swift in Sources */ = {isa = PBXBuildFile; fileRef = 98D27DD2298F6B73000D3AB1 /* FourCoolCircles.swift */; };
/* End PBXBuildFile section */

/* Begin PBXFileReference section */
		98295AC5298EBE8300530E30 /* iOSAlarm.app */ = {isa = PBXFileReference; explicitFileType = wrapper.application; includeInIndex = 0; path = iOSAlarm.app; sourceTree = BUILT_PRODUCTS_DIR; };
		98295AC8298EBE8300530E30 /* iOSAlarmApp.swift */ = {isa = PBXFileReference; lastKnownFileType = sourcecode.swift; path = iOSAlarmApp.swift; sourceTree = "<group>"; };
		98295ACA298EBE8300530E30 /* MainAlarmView.swift */ = {isa = PBXFileReference; lastKnownFileType = sourcecode.swift; path = MainAlarmView.swift; sourceTree = "<group>"; };
		98295ACC298EBE8400530E30 /* Assets.xcassets */ = {isa = PBXFileReference; lastKnownFileType = folder.assetcatalog; path = Assets.xcassets; sourceTree = "<group>"; };
		98295ACE298EBE8400530E30 /* iOSAlarm.entitlements */ = {isa = PBXFileReference; lastKnownFileType = text.plist.entitlements; path = iOSAlarm.entitlements; sourceTree = "<group>"; };
		98295AD0298EBE8400530E30 /* Preview Assets.xcassets */ = {isa = PBXFileReference; lastKnownFileType = folder.assetcatalog; path = "Preview Assets.xcassets"; sourceTree = "<group>"; };
		98295AE3298EC39C00530E30 /* GrayedTextView.swift */ = {isa = PBXFileReference; lastKnownFileType = sourcecode.swift; path = GrayedTextView.swift; sourceTree = "<group>"; };
		98295AE8298EC58300530E30 /* en */ = {isa = PBXFileReference; lastKnownFileType = text.plist.strings; name = en; path = en.lproj/Localizable.strings; sourceTree = "<group>"; };
		98295AEA298EC59300530E30 /* fr */ = {isa = PBXFileReference; lastKnownFileType = text.plist.strings; name = fr; path = fr.lproj/Localizable.strings; sourceTree = "<group>"; };
		98295AEB298EC59600530E30 /* hi */ = {isa = PBXFileReference; lastKnownFileType = text.plist.strings; name = hi; path = hi.lproj/Localizable.strings; sourceTree = "<group>"; };
		98295AEC298ECF7400530E30 /* ColorConstants.swift */ = {isa = PBXFileReference; lastKnownFileType = sourcecode.swift; path = ColorConstants.swift; sourceTree = "<group>"; };
		98295AEE298ED34100530E30 /* TimeOfDayIcon.swift */ = {isa = PBXFileReference; lastKnownFileType = sourcecode.swift; path = TimeOfDayIcon.swift; sourceTree = "<group>"; };
		98295AF0298ED3C800530E30 /* TimeAndDateSupport.swift */ = {isa = PBXFileReference; lastKnownFileType = sourcecode.swift; path = TimeAndDateSupport.swift; sourceTree = "<group>"; };
		98295AF2298EDBDD00530E30 /* TimeModel.swift */ = {isa = PBXFileReference; lastKnownFileType = sourcecode.swift; path = TimeModel.swift; sourceTree = "<group>"; };
		98D27DCA298F6489000D3AB1 /* AlarmModel.swift */ = {isa = PBXFileReference; lastKnownFileType = sourcecode.swift; path = AlarmModel.swift; sourceTree = "<group>"; };
		98D27DCC298F665E000D3AB1 /* Activity Constants.swift */ = {isa = PBXFileReference; lastKnownFileType = sourcecode.swift; path = "Activity Constants.swift"; sourceTree = "<group>"; };
		98D27DCE298F6703000D3AB1 /* SoundConstants.swift */ = {isa = PBXFileReference; lastKnownFileType = sourcecode.swift; path = SoundConstants.swift; sourceTree = "<group>"; };
		98D27DD0298F69FA000D3AB1 /* SplashScreenView.swift */ = {isa = PBXFileReference; lastKnownFileType = sourcecode.swift; path = SplashScreenView.swift; sourceTree = "<group>"; };
		98D27DD2298F6B73000D3AB1 /* FourCoolCircles.swift */ = {isa = PBXFileReference; lastKnownFileType = sourcecode.swift; path = FourCoolCircles.swift; sourceTree = "<group>"; };
/* End PBXFileReference section */

/* Begin PBXFrameworksBuildPhase section */
		98295AC2298EBE8300530E30 /* Frameworks */ = {
			isa = PBXFrameworksBuildPhase;
			buildActionMask = 2147483647;
			files = (
			);
			runOnlyForDeploymentPostprocessing = 0;
		};
/* End PBXFrameworksBuildPhase section */

/* Begin PBXGroup section */
		98295ABC298EBE8300530E30 = {
			isa = PBXGroup;
			children = (
				98295AC7298EBE8300530E30 /* iOSAlarm */,
				98295AC6298EBE8300530E30 /* Products */,
			);
			sourceTree = "<group>";
		};
		98295AC6298EBE8300530E30 /* Products */ = {
			isa = PBXGroup;
			children = (
				98295AC5298EBE8300530E30 /* iOSAlarm.app */,
			);
			name = Products;
			sourceTree = "<group>";
		};
		98295AC7298EBE8300530E30 /* iOSAlarm */ = {
			isa = PBXGroup;
			children = (
				98295ADE298EC32100530E30 /* Model */,
				98295ADD298EC30C00530E30 /* ViewModel */,
				98295ADC298EC30500530E30 /* Views */,
				98295ADB298EC2FE00530E30 /* Constants */,
				98295ADA298EC2F900530E30 /* Fonts */,
				98295AD9298EC2DC00530E30 /* Time and Date */,
				98295AD8298EC2C600530E30 /* Local Notifications */,
				98295AD7298EC2BF00530E30 /* Sounds */,
				98295AC8298EBE8300530E30 /* iOSAlarmApp.swift */,
				98295ACA298EBE8300530E30 /* MainAlarmView.swift */,
				98295ACC298EBE8400530E30 /* Assets.xcassets */,
				98295ACF298EBE8400530E30 /* Preview Content */,
				98295ACE298EBE8400530E30 /* iOSAlarm.entitlements */,
				98295AE9298EC58300530E30 /* Localizable.strings */,
			);
			path = iOSAlarm;
			sourceTree = "<group>";
		};
		98295ACF298EBE8400530E30 /* Preview Content */ = {
			isa = PBXGroup;
			children = (
				98295AD0298EBE8400530E30 /* Preview Assets.xcassets */,
			);
			path = "Preview Content";
			sourceTree = "<group>";
		};
		98295AD7298EC2BF00530E30 /* Sounds */ = {
			isa = PBXGroup;
			children = (
				98D27DCE298F6703000D3AB1 /* SoundConstants.swift */,
			);
			path = Sounds;
			sourceTree = "<group>";
		};
		98295AD8298EC2C600530E30 /* Local Notifications */ = {
			isa = PBXGroup;
			children = (
			);
			path = "Local Notifications";
			sourceTree = "<group>";
		};
		98295AD9298EC2DC00530E30 /* Time and Date */ = {
			isa = PBXGroup;
			children = (
				98295AF0298ED3C800530E30 /* TimeAndDateSupport.swift */,
			);
			path = "Time and Date";
			sourceTree = "<group>";
		};
		98295ADA298EC2F900530E30 /* Fonts */ = {
			isa = PBXGroup;
			children = (
			);
			path = Fonts;
			sourceTree = "<group>";
		};
		98295ADB298EC2FE00530E30 /* Constants */ = {
			isa = PBXGroup;
			children = (
				98295AEC298ECF7400530E30 /* ColorConstants.swift */,
				98D27DCC298F665E000D3AB1 /* Activity Constants.swift */,
			);
			path = Constants;
			sourceTree = "<group>";
		};
		98295ADC298EC30500530E30 /* Views */ = {
			isa = PBXGroup;
			children = (
				98295AE2298EC36100530E30 /* Unused Views */,
				98295AE1298EC34200530E30 /* Supporting Views */,
				98295AE0298EC33900530E30 /* Sub Views */,
				98295ADF298EC32E00530E30 /* Main Views */,
			);
			path = Views;
			sourceTree = "<group>";
		};
		98295ADD298EC30C00530E30 /* ViewModel */ = {
			isa = PBXGroup;
			children = (
			);
			path = ViewModel;
			sourceTree = "<group>";
		};
		98295ADE298EC32100530E30 /* Model */ = {
			isa = PBXGroup;
			children = (
				98295AF2298EDBDD00530E30 /* TimeModel.swift */,
				98D27DCA298F6489000D3AB1 /* AlarmModel.swift */,
			);
			path = Model;
			sourceTree = "<group>";
		};
		98295ADF298EC32E00530E30 /* Main Views */ = {
			isa = PBXGroup;
			children = (
				98D27DD0298F69FA000D3AB1 /* SplashScreenView.swift */,
			);
			path = "Main Views";
			sourceTree = "<group>";
		};
		98295AE0298EC33900530E30 /* Sub Views */ = {
			isa = PBXGroup;
			children = (
			);
			path = "Sub Views";
			sourceTree = "<group>";
		};
		98295AE1298EC34200530E30 /* Supporting Views */ = {
			isa = PBXGroup;
			children = (
				98295AE3298EC39C00530E30 /* GrayedTextView.swift */,
				98295AEE298ED34100530E30 /* TimeOfDayIcon.swift */,
				98D27DD2298F6B73000D3AB1 /* FourCoolCircles.swift */,
			);
			path = "Supporting Views";
			sourceTree = "<group>";
		};
		98295AE2298EC36100530E30 /* Unused Views */ = {
			isa = PBXGroup;
			children = (
			);
			path = "Unused Views";
			sourceTree = "<group>";
		};
/* End PBXGroup section */

/* Begin PBXNativeTarget section */
		98295AC4298EBE8300530E30 /* iOSAlarm */ = {
			isa = PBXNativeTarget;
			buildConfigurationList = 98295AD4298EBE8400530E30 /* Build configuration list for PBXNativeTarget "iOSAlarm" */;
			buildPhases = (
				98295AC1298EBE8300530E30 /* Sources */,
				98295AC2298EBE8300530E30 /* Frameworks */,
				98295AC3298EBE8300530E30 /* Resources */,
			);
			buildRules = (
			);
			dependencies = (
			);
			name = iOSAlarm;
			productName = iOSAlarm;
			productReference = 98295AC5298EBE8300530E30 /* iOSAlarm.app */;
			productType = "com.apple.product-type.application";
		};
/* End PBXNativeTarget section */

/* Begin PBXProject section */
		98295ABD298EBE8300530E30 /* Project object */ = {
			isa = PBXProject;
			attributes = {
				BuildIndependentTargetsInParallel = 1;
				LastSwiftUpdateCheck = 1420;
				LastUpgradeCheck = 1420;
				TargetAttributes = {
					98295AC4298EBE8300530E30 = {
						CreatedOnToolsVersion = 14.2;
					};
				};
			};
			buildConfigurationList = 98295AC0298EBE8300530E30 /* Build configuration list for PBXProject "iOSAlarm" */;
			compatibilityVersion = "Xcode 14.0";
			developmentRegion = en;
			hasScannedForEncodings = 0;
			knownRegions = (
				en,
				Base,
				fr,
				hi,
			);
			mainGroup = 98295ABC298EBE8300530E30;
			productRefGroup = 98295AC6298EBE8300530E30 /* Products */;
			projectDirPath = "";
			projectRoot = "";
			targets = (
				98295AC4298EBE8300530E30 /* iOSAlarm */,
			);
		};
/* End PBXProject section */

/* Begin PBXResourcesBuildPhase section */
		98295AC3298EBE8300530E30 /* Resources */ = {
			isa = PBXResourcesBuildPhase;
			buildActionMask = 2147483647;
			files = (
				98295AD1298EBE8400530E30 /* Preview Assets.xcassets in Resources */,
				98295AE7298EC58300530E30 /* Localizable.strings in Resources */,
				98295ACD298EBE8400530E30 /* Assets.xcassets in Resources */,
			);
			runOnlyForDeploymentPostprocessing = 0;
		};
/* End PBXResourcesBuildPhase section */

/* Begin PBXSourcesBuildPhase section */
		98295AC1298EBE8300530E30 /* Sources */ = {
			isa = PBXSourcesBuildPhase;
			buildActionMask = 2147483647;
			files = (
				98295ACB298EBE8300530E30 /* MainAlarmView.swift in Sources */,
				98D27DCB298F6489000D3AB1 /* AlarmModel.swift in Sources */,
				98295AC9298EBE8300530E30 /* iOSAlarmApp.swift in Sources */,
				98D27DCF298F6703000D3AB1 /* SoundConstants.swift in Sources */,
				98D27DD1298F69FA000D3AB1 /* SplashScreenView.swift in Sources */,
				98295AF1298ED3C800530E30 /* TimeAndDateSupport.swift in Sources */,
				98295AF3298EDBDD00530E30 /* TimeModel.swift in Sources */,
				98D27DCD298F665E000D3AB1 /* Activity Constants.swift in Sources */,
				98295AE4298EC39C00530E30 /* GrayedTextView.swift in Sources */,
				98295AED298ECF7400530E30 /* ColorConstants.swift in Sources */,
				98D27DD3298F6B73000D3AB1 /* FourCoolCircles.swift in Sources */,
				98295AEF298ED34100530E30 /* TimeOfDayIcon.swift in Sources */,
			);
			runOnlyForDeploymentPostprocessing = 0;
		};
/* End PBXSourcesBuildPhase section */

/* Begin PBXVariantGroup section */
		98295AE9298EC58300530E30 /* Localizable.strings */ = {
			isa = PBXVariantGroup;
			children = (
				98295AE8298EC58300530E30 /* en */,
				98295AEA298EC59300530E30 /* fr */,
				98295AEB298EC59600530E30 /* hi */,
			);
			name = Localizable.strings;
			sourceTree = "<group>";
		};
/* End PBXVariantGroup section */

/* Begin XCBuildConfiguration section */
		98295AD2298EBE8400530E30 /* Debug */ = {
			isa = XCBuildConfiguration;
			buildSettings = {
				ALWAYS_SEARCH_USER_PATHS = NO;
				CLANG_ANALYZER_NONNULL = YES;
				CLANG_ANALYZER_NUMBER_OBJECT_CONVERSION = YES_AGGRESSIVE;
				CLANG_CXX_LANGUAGE_STANDARD = "gnu++20";
				CLANG_ENABLE_MODULES = YES;
				CLANG_ENABLE_OBJC_ARC = YES;
				CLANG_ENABLE_OBJC_WEAK = YES;
				CLANG_WARN_BLOCK_CAPTURE_AUTORELEASING = YES;
				CLANG_WARN_BOOL_CONVERSION = YES;
				CLANG_WARN_COMMA = YES;
				CLANG_WARN_CONSTANT_CONVERSION = YES;
				CLANG_WARN_DEPRECATED_OBJC_IMPLEMENTATIONS = YES;
				CLANG_WARN_DIRECT_OBJC_ISA_USAGE = YES_ERROR;
				CLANG_WARN_DOCUMENTATION_COMMENTS = YES;
				CLANG_WARN_EMPTY_BODY = YES;
				CLANG_WARN_ENUM_CONVERSION = YES;
				CLANG_WARN_INFINITE_RECURSION = YES;
				CLANG_WARN_INT_CONVERSION = YES;
				CLANG_WARN_NON_LITERAL_NULL_CONVERSION = YES;
				CLANG_WARN_OBJC_IMPLICIT_RETAIN_SELF = YES;
				CLANG_WARN_OBJC_LITERAL_CONVERSION = YES;
				CLANG_WARN_OBJC_ROOT_CLASS = YES_ERROR;
				CLANG_WARN_QUOTED_INCLUDE_IN_FRAMEWORK_HEADER = YES;
				CLANG_WARN_RANGE_LOOP_ANALYSIS = YES;
				CLANG_WARN_STRICT_PROTOTYPES = YES;
				CLANG_WARN_SUSPICIOUS_MOVE = YES;
				CLANG_WARN_UNGUARDED_AVAILABILITY = YES_AGGRESSIVE;
				CLANG_WARN_UNREACHABLE_CODE = YES;
				CLANG_WARN__DUPLICATE_METHOD_MATCH = YES;
				COPY_PHASE_STRIP = NO;
				DEBUG_INFORMATION_FORMAT = dwarf;
				ENABLE_STRICT_OBJC_MSGSEND = YES;
				ENABLE_TESTABILITY = YES;
				GCC_C_LANGUAGE_STANDARD = gnu11;
				GCC_DYNAMIC_NO_PIC = NO;
				GCC_NO_COMMON_BLOCKS = YES;
				GCC_OPTIMIZATION_LEVEL = 0;
				GCC_PREPROCESSOR_DEFINITIONS = (
					"DEBUG=1",
					"$(inherited)",
				);
				GCC_WARN_64_TO_32_BIT_CONVERSION = YES;
				GCC_WARN_ABOUT_RETURN_TYPE = YES_ERROR;
				GCC_WARN_UNDECLARED_SELECTOR = YES;
				GCC_WARN_UNINITIALIZED_AUTOS = YES_AGGRESSIVE;
				GCC_WARN_UNUSED_FUNCTION = YES;
				GCC_WARN_UNUSED_VARIABLE = YES;
				MTL_ENABLE_DEBUG_INFO = INCLUDE_SOURCE;
				MTL_FAST_MATH = YES;
				ONLY_ACTIVE_ARCH = YES;
				SWIFT_ACTIVE_COMPILATION_CONDITIONS = DEBUG;
				SWIFT_OPTIMIZATION_LEVEL = "-Onone";
			};
			name = Debug;
		};
		98295AD3298EBE8400530E30 /* Release */ = {
			isa = XCBuildConfiguration;
			buildSettings = {
				ALWAYS_SEARCH_USER_PATHS = NO;
				CLANG_ANALYZER_NONNULL = YES;
				CLANG_ANALYZER_NUMBER_OBJECT_CONVERSION = YES_AGGRESSIVE;
				CLANG_CXX_LANGUAGE_STANDARD = "gnu++20";
				CLANG_ENABLE_MODULES = YES;
				CLANG_ENABLE_OBJC_ARC = YES;
				CLANG_ENABLE_OBJC_WEAK = YES;
				CLANG_WARN_BLOCK_CAPTURE_AUTORELEASING = YES;
				CLANG_WARN_BOOL_CONVERSION = YES;
				CLANG_WARN_COMMA = YES;
				CLANG_WARN_CONSTANT_CONVERSION = YES;
				CLANG_WARN_DEPRECATED_OBJC_IMPLEMENTATIONS = YES;
				CLANG_WARN_DIRECT_OBJC_ISA_USAGE = YES_ERROR;
				CLANG_WARN_DOCUMENTATION_COMMENTS = YES;
				CLANG_WARN_EMPTY_BODY = YES;
				CLANG_WARN_ENUM_CONVERSION = YES;
				CLANG_WARN_INFINITE_RECURSION = YES;
				CLANG_WARN_INT_CONVERSION = YES;
				CLANG_WARN_NON_LITERAL_NULL_CONVERSION = YES;
				CLANG_WARN_OBJC_IMPLICIT_RETAIN_SELF = YES;
				CLANG_WARN_OBJC_LITERAL_CONVERSION = YES;
				CLANG_WARN_OBJC_ROOT_CLASS = YES_ERROR;
				CLANG_WARN_QUOTED_INCLUDE_IN_FRAMEWORK_HEADER = YES;
				CLANG_WARN_RANGE_LOOP_ANALYSIS = YES;
				CLANG_WARN_STRICT_PROTOTYPES = YES;
				CLANG_WARN_SUSPICIOUS_MOVE = YES;
				CLANG_WARN_UNGUARDED_AVAILABILITY = YES_AGGRESSIVE;
				CLANG_WARN_UNREACHABLE_CODE = YES;
				CLANG_WARN__DUPLICATE_METHOD_MATCH = YES;
				COPY_PHASE_STRIP = NO;
				DEBUG_INFORMATION_FORMAT = "dwarf-with-dsym";
				ENABLE_NS_ASSERTIONS = NO;
				ENABLE_STRICT_OBJC_MSGSEND = YES;
				GCC_C_LANGUAGE_STANDARD = gnu11;
				GCC_NO_COMMON_BLOCKS = YES;
				GCC_WARN_64_TO_32_BIT_CONVERSION = YES;
				GCC_WARN_ABOUT_RETURN_TYPE = YES_ERROR;
				GCC_WARN_UNDECLARED_SELECTOR = YES;
				GCC_WARN_UNINITIALIZED_AUTOS = YES_AGGRESSIVE;
				GCC_WARN_UNUSED_FUNCTION = YES;
				GCC_WARN_UNUSED_VARIABLE = YES;
				MTL_ENABLE_DEBUG_INFO = NO;
				MTL_FAST_MATH = YES;
				SWIFT_COMPILATION_MODE = wholemodule;
				SWIFT_OPTIMIZATION_LEVEL = "-O";
			};
			name = Release;
		};
		98295AD5298EBE8400530E30 /* Debug */ = {
			isa = XCBuildConfiguration;
			buildSettings = {
				ASSETCATALOG_COMPILER_APPICON_NAME = AppIcon;
				ASSETCATALOG_COMPILER_GLOBAL_ACCENT_COLOR_NAME = AccentColor;
				CODE_SIGN_ENTITLEMENTS = iOSAlarm/iOSAlarm.entitlements;
				CODE_SIGN_STYLE = Automatic;
				CURRENT_PROJECT_VERSION = 1;
				DEVELOPMENT_ASSET_PATHS = "\"iOSAlarm/Preview Content\"";
				DEVELOPMENT_TEAM = 3J2U74HCAH;
				ENABLE_HARDENED_RUNTIME = YES;
				ENABLE_PREVIEWS = YES;
				GENERATE_INFOPLIST_FILE = YES;
				"INFOPLIST_KEY_UIApplicationSceneManifest_Generation[sdk=iphoneos*]" = YES;
				"INFOPLIST_KEY_UIApplicationSceneManifest_Generation[sdk=iphonesimulator*]" = YES;
				"INFOPLIST_KEY_UIApplicationSupportsIndirectInputEvents[sdk=iphoneos*]" = YES;
				"INFOPLIST_KEY_UIApplicationSupportsIndirectInputEvents[sdk=iphonesimulator*]" = YES;
				"INFOPLIST_KEY_UILaunchScreen_Generation[sdk=iphoneos*]" = YES;
				"INFOPLIST_KEY_UILaunchScreen_Generation[sdk=iphonesimulator*]" = YES;
				"INFOPLIST_KEY_UIStatusBarStyle[sdk=iphoneos*]" = UIStatusBarStyleDefault;
				"INFOPLIST_KEY_UIStatusBarStyle[sdk=iphonesimulator*]" = UIStatusBarStyleDefault;
				INFOPLIST_KEY_UISupportedInterfaceOrientations_iPad = "UIInterfaceOrientationPortrait UIInterfaceOrientationPortraitUpsideDown UIInterfaceOrientationLandscapeLeft UIInterfaceOrientationLandscapeRight";
				INFOPLIST_KEY_UISupportedInterfaceOrientations_iPhone = "UIInterfaceOrientationPortrait UIInterfaceOrientationLandscapeLeft UIInterfaceOrientationLandscapeRight";
				IPHONEOS_DEPLOYMENT_TARGET = 16.2;
				LD_RUNPATH_SEARCH_PATHS = "@executable_path/Frameworks";
				"LD_RUNPATH_SEARCH_PATHS[sdk=macosx*]" = "@executable_path/../Frameworks";
				MACOSX_DEPLOYMENT_TARGET = 13.1;
				MARKETING_VERSION = 1.0;
				PRODUCT_BUNDLE_IDENTIFIER = novuspax.iOSAlarm;
				PRODUCT_NAME = "$(TARGET_NAME)";
				SDKROOT = auto;
				SUPPORTED_PLATFORMS = "iphoneos iphonesimulator macosx";
				SWIFT_EMIT_LOC_STRINGS = YES;
				SWIFT_VERSION = 5.0;
				TARGETED_DEVICE_FAMILY = "1,2";
			};
			name = Debug;
		};
		98295AD6298EBE8400530E30 /* Release */ = {
			isa = XCBuildConfiguration;
			buildSettings = {
				ASSETCATALOG_COMPILER_APPICON_NAME = AppIcon;
				ASSETCATALOG_COMPILER_GLOBAL_ACCENT_COLOR_NAME = AccentColor;
				CODE_SIGN_ENTITLEMENTS = iOSAlarm/iOSAlarm.entitlements;
				CODE_SIGN_STYLE = Automatic;
				CURRENT_PROJECT_VERSION = 1;
				DEVELOPMENT_ASSET_PATHS = "\"iOSAlarm/Preview Content\"";
				DEVELOPMENT_TEAM = 3J2U74HCAH;
				ENABLE_HARDENED_RUNTIME = YES;
				ENABLE_PREVIEWS = YES;
				GENERATE_INFOPLIST_FILE = YES;
				"INFOPLIST_KEY_UIApplicationSceneManifest_Generation[sdk=iphoneos*]" = YES;
				"INFOPLIST_KEY_UIApplicationSceneManifest_Generation[sdk=iphonesimulator*]" = YES;
				"INFOPLIST_KEY_UIApplicationSupportsIndirectInputEvents[sdk=iphoneos*]" = YES;
				"INFOPLIST_KEY_UIApplicationSupportsIndirectInputEvents[sdk=iphonesimulator*]" = YES;
				"INFOPLIST_KEY_UILaunchScreen_Generation[sdk=iphoneos*]" = YES;
				"INFOPLIST_KEY_UILaunchScreen_Generation[sdk=iphonesimulator*]" = YES;
				"INFOPLIST_KEY_UIStatusBarStyle[sdk=iphoneos*]" = UIStatusBarStyleDefault;
				"INFOPLIST_KEY_UIStatusBarStyle[sdk=iphonesimulator*]" = UIStatusBarStyleDefault;
				INFOPLIST_KEY_UISupportedInterfaceOrientations_iPad = "UIInterfaceOrientationPortrait UIInterfaceOrientationPortraitUpsideDown UIInterfaceOrientationLandscapeLeft UIInterfaceOrientationLandscapeRight";
				INFOPLIST_KEY_UISupportedInterfaceOrientations_iPhone = "UIInterfaceOrientationPortrait UIInterfaceOrientationLandscapeLeft UIInterfaceOrientationLandscapeRight";
				IPHONEOS_DEPLOYMENT_TARGET = 16.2;
				LD_RUNPATH_SEARCH_PATHS = "@executable_path/Frameworks";
				"LD_RUNPATH_SEARCH_PATHS[sdk=macosx*]" = "@executable_path/../Frameworks";
				MACOSX_DEPLOYMENT_TARGET = 13.1;
				MARKETING_VERSION = 1.0;
				PRODUCT_BUNDLE_IDENTIFIER = novuspax.iOSAlarm;
				PRODUCT_NAME = "$(TARGET_NAME)";
				SDKROOT = auto;
				SUPPORTED_PLATFORMS = "iphoneos iphonesimulator macosx";
				SWIFT_EMIT_LOC_STRINGS = YES;
				SWIFT_VERSION = 5.0;
				TARGETED_DEVICE_FAMILY = "1,2";
			};
			name = Release;
		};
/* End XCBuildConfiguration section */

/* Begin XCConfigurationList section */
		98295AC0298EBE8300530E30 /* Build configuration list for PBXProject "iOSAlarm" */ = {
			isa = XCConfigurationList;
			buildConfigurations = (
				98295AD2298EBE8400530E30 /* Debug */,
				98295AD3298EBE8400530E30 /* Release */,
			);
			defaultConfigurationIsVisible = 0;
			defaultConfigurationName = Release;
		};
		98295AD4298EBE8400530E30 /* Build configuration list for PBXNativeTarget "iOSAlarm" */ = {
			isa = XCConfigurationList;
			buildConfigurations = (
				98295AD5298EBE8400530E30 /* Debug */,
				98295AD6298EBE8400530E30 /* Release */,
			);
			defaultConfigurationIsVisible = 0;
			defaultConfigurationName = Release;
		};
/* End XCConfigurationList section */
	};
	rootObject = 98295ABD298EBE8300530E30 /* Project object */;
}
